
Microsoft Visual Studio Solution File, Format Version 12.00
# Visual Studio Version 17
VisualStudioVersion = 17.8.34511.84
MinimumVisualStudioVersion = 10.0.40219.1
Project("{FAE04EC0-301F-11D3-BF4B-00C04F79EFBC}") = "CarRentalAPI", "CarRentalAPI\CarRentalAPI.csproj", "{838630A3-C654-4287-ABE6-7145F95CFE59}"
EndProject
Project("{FAE04EC0-301F-11D3-BF4B-00C04F79EFBC}") = "CarRentalMobile", "CarRentalMobile\CarRentalMobile.csproj", "{49D2DFC9-264C-4B3D-B0FE-4D22E4FB27D4}"
EndProject
Global
	GlobalSection(SolutionConfigurationPlatforms) = preSolution
		Debug|Any CPU = Debug|Any CPU
		Release|Any CPU = Release|Any CPU
	EndGlobalSection
	GlobalSection(ProjectConfigurationPlatforms) = postSolution
		{838630A3-C654-4287-ABE6-7145F95CFE59}.Debug|Any CPU.ActiveCfg = Debug|Any CPU
		{838630A3-C654-4287-ABE6-7145F95CFE59}.Debug|Any CPU.Build.0 = Debug|Any CPU
		{838630A3-C654-4287-ABE6-7145F95CFE59}.Release|Any CPU.ActiveCfg = Release|Any CPU
		{838630A3-C654-4287-ABE6-7145F95CFE59}.Release|Any CPU.Build.0 = Release|Any CPU
		{49D2DFC9-264C-4B3D-B0FE-4D22E4FB27D4}.Debug|Any CPU.ActiveCfg = Debug|Any CPU
		{49D2DFC9-264C-4B3D-B0FE-4D22E4FB27D4}.Debug|Any CPU.Build.0 = Debug|Any CPU
		{49D2DFC9-264C-4B3D-B0FE-4D22E4FB27D4}.Debug|Any CPU.Deploy.0 = Debug|Any CPU
		{49D2DFC9-264C-4B3D-B0FE-4D22E4FB27D4}.Release|Any CPU.ActiveCfg = Release|Any CPU
		{49D2DFC9-264C-4B3D-B0FE-4D22E4FB27D4}.Release|Any CPU.Build.0 = Release|Any CPU
		{49D2DFC9-264C-4B3D-B0FE-4D22E4FB27D4}.Release|Any CPU.Deploy.0 = Release|Any CPU
	EndGlobalSection
	GlobalSection(SolutionProperties) = preSolution
		HideSolutionNode = FALSE
	EndGlobalSection
	GlobalSection(ExtensibilityGlobals) = postSolution
		SolutionGuid = {344AC8EB-5CE4-4F30-9BAC-4CA36B3BC3A9}
	EndGlobalSection
EndGlobal
